
Microsoft Visual Studio Solution File, Format Version 12.00
# Visual Studio Version 17
VisualStudioVersion = 17.8.34330.188
MinimumVisualStudioVersion = 10.0.40219.1
Project("{9A19103F-16F7-4668-BE54-9A1E7A4F7556}") = "SistemaInformaticoPerinatal", "SistemaInformaticoPerinatal\SistemaInformaticoPerinatal.csproj", "{2CB0C548-259F-4100-A422-173FDAED58A0}"
EndProject
Project("{FAE04EC0-301F-11D3-BF4B-00C04F79EFBC}") = "Modelos", "Modelos\Modelos.csproj", "{46BB83F4-4724-483B-A0AE-13B9165C4D7B}"
EndProject
Global
	GlobalSection(SolutionConfigurationPlatforms) = preSolution
		Debug|Any CPU = Debug|Any CPU
		Release|Any CPU = Release|Any CPU
	EndGlobalSection
	GlobalSection(ProjectConfigurationPlatforms) = postSolution
		{2CB0C548-259F-4100-A422-173FDAED58A0}.Debug|Any CPU.ActiveCfg = Debug|Any CPU
		{2CB0C548-259F-4100-A422-173FDAED58A0}.Debug|Any CPU.Build.0 = Debug|Any CPU
		{2CB0C548-259F-4100-A422-173FDAED58A0}.Release|Any CPU.ActiveCfg = Release|Any CPU
		{2CB0C548-259F-4100-A422-173FDAED58A0}.Release|Any CPU.Build.0 = Release|Any CPU
		{46BB83F4-4724-483B-A0AE-13B9165C4D7B}.Debug|Any CPU.ActiveCfg = Debug|Any CPU
		{46BB83F4-4724-483B-A0AE-13B9165C4D7B}.Debug|Any CPU.Build.0 = Debug|Any CPU
		{46BB83F4-4724-483B-A0AE-13B9165C4D7B}.Release|Any CPU.ActiveCfg = Release|Any CPU
		{46BB83F4-4724-483B-A0AE-13B9165C4D7B}.Release|Any CPU.Build.0 = Release|Any CPU
	EndGlobalSection
	GlobalSection(SolutionProperties) = preSolution
		HideSolutionNode = FALSE
	EndGlobalSection
	GlobalSection(ExtensibilityGlobals) = postSolution
		SolutionGuid = {2BDF6315-DB7E-4438-BA3F-43DF6C91D42F}
	EndGlobalSection
EndGlobal
