
Microsoft Visual Studio Solution File, Format Version 12.00
# Visual Studio Version 17
VisualStudioVersion = 17.8.34330.188
MinimumVisualStudioVersion = 10.0.40219.1
Project("{FAE04EC0-301F-11D3-BF4B-00C04F79EFBC}") = "SistemaInformaticoPerinatal", "SistemaInformaticoPerinatal\SistemaInformaticoPerinatal.csproj", "{2CB0C548-259F-4100-A422-173FDAED58A0}"
EndProject
Global
	GlobalSection(SolutionConfigurationPlatforms) = preSolution
		Debug|Any CPU = Debug|Any CPU
		Release|Any CPU = Release|Any CPU
	EndGlobalSection
	GlobalSection(ProjectConfigurationPlatforms) = postSolution
		{2CB0C548-259F-4100-A422-173FDAED58A0}.Debug|Any CPU.ActiveCfg = Debug|Any CPU
		{2CB0C548-259F-4100-A422-173FDAED58A0}.Debug|Any CPU.Build.0 = Debug|Any CPU
		{2CB0C548-259F-4100-A422-173FDAED58A0}.Release|Any CPU.ActiveCfg = Release|Any CPU
		{2CB0C548-259F-4100-A422-173FDAED58A0}.Release|Any CPU.Build.0 = Release|Any CPU
	EndGlobalSection
	GlobalSection(SolutionProperties) = preSolution
		HideSolutionNode = FALSE
	EndGlobalSection
	GlobalSection(ExtensibilityGlobals) = postSolution
		SolutionGuid = {2BDF6315-DB7E-4438-BA3F-43DF6C91D42F}
	EndGlobalSection
EndGlobal
